{
  "renv": {
    "Version": "0.6.0-98"
  },
  "R": {
    "Version": "3.6.2",
    "Repositories": [
      {
        "Name": "CRAN",
        "URL": "https://cran.rstudio.com"
      }
    ]
  },
  "Packages": {
    "askpass": {
      "Package": "askpass",
      "Version": "1.1",
      "Source": "CRAN",
      "RemoteType": "standard",
      "RemoteRef": "askpass",
      "RemoteRepos": "https://cran.rstudio.com",
      "RemoteSha": "1.1",
      "Hash": "46678e19f261db289be40292d8e5d5bf"
    },
    "assertthat": {
      "Package": "assertthat",
      "Version": "0.2.1",
      "Source": "CRAN",
      "RemoteType": "standard",
      "RemoteRef": "assertthat",
      "RemoteRepos": "https://cran.rstudio.com",
      "RemoteSha": "0.2.1",
      "Hash": "19fb3d0ad048b4eb1a05cacffbae1f66"
    },
    "backports": {
      "Package": "backports",
      "Version": "1.1.6",
      "Source": "CRAN",
      "RemoteType": "standard",
      "RemoteRef": "backports",
      "RemoteRepos": "https://cran.rstudio.com",
      "RemoteSha": "1.1.6",
      "Hash": "f16f06dc4434c55ce14377860d97f69d"
    },
    "BH": {
      "Package": "BH",
      "Version": "1.72.0-3",
      "Source": "CRAN",
      "RemoteType": "standard",
      "RemoteRef": "BH",
      "RemoteRepos": "https://cran.rstudio.com",
      "RemoteSha": "1.72.0-3",
      "Hash": "e58de006ec59d5faba3c0482bdc598cf"
    },
    "brew": {
      "Package": "brew",
      "Version": "1.0-6",
      "Source": "CRAN",
      "RemoteType": "standard",
      "RemoteRef": "brew",
      "RemoteRepos": "https://cran.rstudio.com",
      "RemoteSha": "1.0-6",
      "Hash": "190fd31e9253446523a8ee4642229516"
    },
    "callr": {
      "Package": "callr",
      "Version": "3.4.3",
      "Source": "CRAN",
      "RemoteType": "standard",
      "RemoteRef": "callr",
      "RemoteRepos": "https://cran.rstudio.com",
      "RemoteSha": "3.4.3",
      "Hash": "233ee568b14e52b18f46667cc39c7477"
    },
    "cli": {
      "Package": "cli",
      "Version": "2.0.2",
      "Source": "CRAN",
      "RemoteType": "standard",
      "RemoteRef": "cli",
      "RemoteRepos": "https://cran.rstudio.com",
      "RemoteSha": "2.0.2",
      "Hash": "7205e845571824ac89e60a9ff8b4f09f"
    },
    "clipr": {
      "Package": "clipr",
      "Version": "0.7.0",
      "Source": "CRAN",
      "RemoteType": "standard",
      "RemoteRef": "clipr",
      "RemoteRepos": "https://cran.rstudio.com",
      "RemoteSha": "0.7.0",
      "Hash": "9a99b54d2baf9393d0a68b6ea9513ee6"
    },
    "commonmark": {
      "Package": "commonmark",
      "Version": "1.7",
      "Source": "CRAN",
      "RemoteType": "standard",
      "RemoteRef": "commonmark",
      "RemoteRepos": "https://cran.rstudio.com",
      "RemoteSha": "1.7",
      "Hash": "af7f698e0328e0474f794452177deca6"
    },
    "covr": {
      "Package": "covr",
      "Version": "3.5.0",
      "Source": "CRAN",
      "RemoteType": "standard",
      "RemoteRef": "covr",
      "RemoteRepos": "https://cran.rstudio.com",
      "RemoteSha": "3.5.0",
      "Hash": "ca38b4c9c1e70270b7933b63ea1af050"
    },
    "crayon": {
      "Package": "crayon",
      "Version": "1.3.4",
      "Source": "CRAN",
      "RemoteType": "standard",
      "RemoteRef": "crayon",
      "RemoteRepos": "https://cran.rstudio.com",
      "RemoteSha": "1.3.4",
      "Hash": "3fa6f9cda30a77d5d0e3b1edb1fcf949"
    },
    "crosstalk": {
      "Package": "crosstalk",
      "Version": "1.1.0.1",
      "Source": "CRAN",
      "RemoteType": "standard",
      "RemoteRef": "crosstalk",
      "RemoteRepos": "https://cran.rstudio.com",
      "RemoteSha": "1.1.0.1",
      "Hash": "b789ba8105a210611ede5dae12a6bce5"
    },
    "curl": {
      "Package": "curl",
      "Version": "4.3",
      "Source": "CRAN",
      "RemoteType": "standard",
      "RemoteRef": "curl",
      "RemoteRepos": "https://cran.rstudio.com",
      "RemoteSha": "4.3",
      "Hash": "f42ae4b12d342a357cc551ca1ecd8cc1"
    },
    "desc": {
      "Package": "desc",
      "Version": "1.2.0",
      "Source": "CRAN",
      "RemoteType": "standard",
      "RemoteRef": "desc",
      "RemoteRepos": "https://cran.rstudio.com",
      "RemoteSha": "1.2.0",
      "Hash": "f0372cd6ee987b78159b5466007628f2"
    },
    "devtools": {
      "Package": "devtools",
      "Version": "2.3.0",
      "Source": "CRAN",
      "RemoteType": "standard",
      "RemoteRef": "devtools",
      "RemoteRepos": "https://cran.rstudio.com",
      "RemoteSha": "2.3.0",
      "Hash": "7d743e1cebed0fe408f6653daa1799aa"
    },
    "digest": {
      "Package": "digest",
      "Version": "0.6.25",
      "Source": "CRAN",
      "RemoteType": "standard",
      "RemoteRef": "digest",
      "RemoteRepos": "https://cran.rstudio.com",
      "RemoteSha": "0.6.25",
      "Hash": "4aa1fb41cb0420edbb9a44b088cc92aa"
    },
    "DT": {
      "Package": "DT",
      "Version": "0.13",
      "Source": "CRAN",
      "RemoteType": "standard",
      "RemoteRef": "DT",
      "RemoteRepos": "https://cran.rstudio.com",
      "RemoteSha": "0.13",
      "Hash": "afc0e60f7f3d10ff9554ffc54c7358ba"
    },
    "ellipsis": {
      "Package": "ellipsis",
      "Version": "0.3.0",
      "Source": "CRAN",
      "Hash": "d9e858795a1a4ebfe6960e4514449d40"
    },
    "evaluate": {
      "Package": "evaluate",
      "Version": "0.14",
      "Source": "CRAN",
      "RemoteType": "standard",
      "RemoteRef": "evaluate",
      "RemoteRepos": "https://cran.rstudio.com",
      "RemoteSha": "0.14",
      "Hash": "bc7706aa08ddda3e4d1d2374c0fb19f4"
    },
    "fansi": {
      "Package": "fansi",
      "Version": "0.4.1",
      "Source": "CRAN",
      "RemoteType": "standard",
      "RemoteRef": "fansi",
      "RemoteRepos": "https://cran.rstudio.com",
      "RemoteSha": "0.4.1",
      "Hash": "b95a15fe144c0db82f8f55cd961b4961"
    },
    "fs": {
      "Package": "fs",
      "Version": "1.4.1",
      "Source": "CRAN",
      "RemoteType": "standard",
      "RemoteRef": "fs",
      "RemoteRepos": "https://cran.rstudio.com",
      "RemoteSha": "1.4.1",
      "Hash": "3c3a21a20eb921daa47cafe3e24c55b6"
    },
    "gh": {
      "Package": "gh",
      "Version": "1.1.0",
      "Source": "CRAN",
      "RemoteType": "standard",
      "RemoteRef": "gh",
      "RemoteRepos": "https://cran.rstudio.com",
      "RemoteSha": "1.1.0",
      "Hash": "c0d6f768dfb3e1a8bbc1b72b135fc962"
    },
    "git2r": {
      "Package": "git2r",
      "Version": "0.26.1",
      "Source": "CRAN",
      "RemoteType": "standard",
      "RemoteRef": "git2r",
      "RemoteRepos": "https://cran.rstudio.com",
      "RemoteSha": "0.26.1",
      "Hash": "22ea14e8f582d4a83a273f24ac43e27e"
    },
    "glue": {
      "Package": "glue",
      "Version": "1.4.0",
      "Source": "CRAN",
      "RemoteType": "standard",
      "RemoteRef": "glue",
      "RemoteRepos": "https://cran.rstudio.com",
      "RemoteSha": "1.4.0",
      "Hash": "d91320fca0edff2378184a44bec3f3f9"
    },
    "highr": {
      "Package": "highr",
      "Version": "0.8",
      "Source": "CRAN",
      "RemoteType": "standard",
      "RemoteRef": "highr",
      "RemoteRepos": "https://cran.rstudio.com",
      "RemoteSha": "0.8",
      "Hash": "43e36bc8bca1d8256f86933659c46349"
    },
    "htmltools": {
      "Package": "htmltools",
      "Version": "0.4.0",
      "Source": "CRAN",
      "RemoteType": "standard",
      "RemoteRef": "htmltools",
      "RemoteRepos": "https://cran.rstudio.com",
      "RemoteSha": "0.4.0",
      "Hash": "639ced211d4574cb149a7906b22e110f"
    },
    "htmlwidgets": {
      "Package": "htmlwidgets",
      "Version": "1.5.1",
      "Source": "CRAN",
      "RemoteType": "standard",
      "RemoteRef": "htmlwidgets",
      "RemoteRepos": "https://cran.rstudio.com",
      "RemoteSha": "1.5.1",
      "Hash": "f2ea129162a975cc3828d56d5270616d"
    },
    "httr": {
      "Package": "httr",
      "Version": "1.4.1",
      "Source": "CRAN",
      "RemoteType": "standard",
      "RemoteRef": "httr",
      "RemoteRepos": "https://cran.rstudio.com",
      "RemoteSha": "1.4.1",
      "Hash": "5dbd937df2ed15043fd4b49e1e217030"
    },
    "ini": {
      "Package": "ini",
      "Version": "0.3.1",
      "Source": "CRAN",
      "RemoteType": "standard",
      "RemoteRef": "ini",
      "RemoteRepos": "https://cran.rstudio.com",
      "RemoteSha": "0.3.1",
      "Hash": "4a15d8cfc931554fb2e71d66c1313b45"
    },
    "jsonlite": {
      "Package": "jsonlite",
      "Version": "1.6.1",
      "Source": "CRAN",
      "RemoteType": "standard",
      "RemoteRef": "jsonlite",
      "RemoteRepos": "https://cran.rstudio.com",
      "RemoteSha": "1.6.1",
      "Hash": "725056796d6009be6f51d9d0cd40cca1"
    },
    "knitr": {
      "Package": "knitr",
      "Version": "1.28",
      "Source": "CRAN",
      "RemoteType": "standard",
      "RemoteRef": "knitr",
      "RemoteRepos": "https://cran.rstudio.com",
      "RemoteSha": "1.28",
      "Hash": "c20f8dfa31a54670ac0683b9c327083f"
    },
    "later": {
      "Package": "later",
      "Version": "1.0.0",
      "Source": "CRAN",
      "RemoteType": "standard",
      "RemoteRef": "later",
      "RemoteRepos": "https://cran.rstudio.com",
      "RemoteSha": "1.0.0",
      "Hash": "19ddb614c1423400e9ea7bf6bfd34a36"
    },
    "lazyeval": {
      "Package": "lazyeval",
      "Version": "0.2.2",
      "Source": "CRAN",
      "RemoteType": "standard",
      "RemoteRef": "lazyeval",
      "RemoteRepos": "https://cran.rstudio.com",
      "RemoteSha": "0.2.2",
      "Hash": "d2f5e98b8b7ae633e252830c3243c2ab"
    },
    "lifecycle": {
      "Package": "lifecycle",
      "Version": "0.2.0",
      "Source": "CRAN",
      "RemoteType": "standard",
      "RemoteRef": "lifecycle",
      "RemoteRepos": "https://cran.rstudio.com",
      "RemoteSha": "0.2.0",
      "Hash": "8b14d2c2eb05005f6b34f835e1ffcf9f"
    },
    "magrittr": {
      "Package": "magrittr",
      "Version": "1.5",
      "Source": "CRAN",
      "RemoteType": "standard",
      "RemoteRef": "magrittr",
      "RemoteRepos": "https://cran.rstudio.com",
      "RemoteSha": "1.5",
      "Hash": "dee1d97cffddfd3ed969e224bd0826d0"
    },
    "markdown": {
      "Package": "markdown",
      "Version": "1.1",
      "Source": "CRAN",
      "RemoteType": "standard",
      "RemoteRef": "markdown",
      "RemoteRepos": "https://cran.rstudio.com",
      "RemoteSha": "1.1",
      "Hash": "80e1f73841614fa35f82a85d66fb41da"
    },
    "memoise": {
      "Package": "memoise",
      "Version": "1.1.0",
      "Source": "CRAN",
      "RemoteType": "standard",
      "RemoteRef": "memoise",
      "RemoteRepos": "https://cran.rstudio.com",
      "RemoteSha": "1.1.0",
      "Hash": "6fe6443e80dda0da2b01c4f1e77b2da8"
    },
    "mime": {
      "Package": "mime",
      "Version": "0.9",
      "Source": "CRAN",
      "RemoteType": "standard",
      "RemoteRef": "mime",
      "RemoteRepos": "https://cran.rstudio.com",
      "RemoteSha": "0.9",
      "Hash": "e59a04f0ccda8364024195028ae2e234"
    },
    "openssl": {
      "Package": "openssl",
      "Version": "1.4.1",
      "Source": "CRAN",
      "RemoteType": "standard",
      "RemoteRef": "openssl",
      "RemoteRepos": "https://cran.rstudio.com",
      "RemoteSha": "1.4.1",
      "Hash": "6c438de366d5693238d1c400deb66cb6"
    },
    "pillar": {
      "Package": "pillar",
      "Version": "1.4.3",
      "Source": "CRAN",
      "RemoteType": "standard",
      "RemoteRef": "pillar",
      "RemoteRepos": "https://cran.rstudio.com",
      "RemoteSha": "1.4.3",
      "Hash": "0fe977f29b8b34f4a25524cc87bc1ad5"
    },
    "pkgbuild": {
      "Package": "pkgbuild",
      "Version": "1.0.6",
      "Source": "CRAN",
      "RemoteType": "standard",
      "RemoteRef": "pkgbuild",
      "RemoteRepos": "https://cran.rstudio.com",
      "RemoteSha": "1.0.6",
      "Hash": "0514428b15e609740155a0a0a3e182c5"
    },
    "pkgconfig": {
      "Package": "pkgconfig",
      "Version": "2.0.3",
      "Source": "CRAN",
      "RemoteType": "standard",
      "RemoteRef": "pkgconfig",
      "RemoteRepos": "https://cran.rstudio.com",
      "RemoteSha": "2.0.3",
      "Hash": "58a89b98ba3b9aab7a87f19d6adcff29"
    },
    "pkgload": {
      "Package": "pkgload",
      "Version": "1.0.2",
      "Source": "CRAN",
      "RemoteType": "standard",
      "RemoteRef": "pkgload",
      "RemoteRepos": "https://cran.rstudio.com",
      "RemoteSha": "1.0.2",
      "Hash": "f214a72af3442fdd3396ceccbb7d7f44"
    },
    "praise": {
      "Package": "praise",
      "Version": "1.0.0",
      "Source": "CRAN",
      "RemoteType": "standard",
      "RemoteRef": "praise",
      "RemoteRepos": "https://cran.rstudio.com",
      "RemoteSha": "1.0.0",
      "Hash": "3940f2f321d5fa9fb72b8887b0454660"
    },
    "prettyunits": {
      "Package": "prettyunits",
      "Version": "1.1.1",
      "Source": "CRAN",
      "RemoteType": "standard",
      "RemoteRef": "prettyunits",
      "RemoteRepos": "https://cran.rstudio.com",
      "RemoteSha": "1.1.1",
      "Hash": "a9c856513f34774cadde1bcfb292b815"
    },
    "processx": {
      "Package": "processx",
      "Version": "3.4.2",
      "Source": "CRAN",
      "RemoteType": "standard",
      "RemoteRef": "processx",
      "RemoteRepos": "https://cran.rstudio.com",
      "RemoteSha": "3.4.2",
      "Hash": "8e8be55cf9c71edbbd46abe36b91df3e"
    },
    "promises": {
      "Package": "promises",
      "Version": "1.1.0",
      "Source": "CRAN",
      "RemoteType": "standard",
      "RemoteRef": "promises",
      "RemoteRepos": "https://cran.rstudio.com",
      "RemoteSha": "1.1.0",
      "Hash": "58abc43e83bbc8231c416a812743ab98"
    },
    "ps": {
      "Package": "ps",
      "Version": "1.3.2",
      "Source": "CRAN",
      "RemoteType": "standard",
      "RemoteRef": "ps",
      "RemoteRepos": "https://cran.rstudio.com",
      "RemoteSha": "1.3.2",
      "Hash": "dd4ab978c4220294690b7a8547a0b0f7"
    },
    "purrr": {
      "Package": "purrr",
      "Version": "0.3.4",
      "Source": "CRAN",
      "RemoteType": "standard",
      "RemoteRef": "purrr",
      "RemoteRepos": "https://cran.rstudio.com",
      "RemoteSha": "0.3.4",
      "Hash": "41c31a6485fe57e9a8b87f97d2828f19"
    },
    "R6": {
      "Package": "R6",
      "Version": "2.4.1",
      "Source": "CRAN",
      "RemoteType": "standard",
      "RemoteRef": "R6",
      "RemoteRepos": "https://cran.rstudio.com",
      "RemoteSha": "2.4.1",
      "Hash": "32b894df8893259af194abdc2b1fc366"
    },
    "rcmdcheck": {
      "Package": "rcmdcheck",
      "Version": "1.3.3",
      "Source": "CRAN",
      "RemoteType": "standard",
      "RemoteRef": "rcmdcheck",
      "RemoteRepos": "https://cran.rstudio.com",
      "RemoteSha": "1.3.3",
      "Hash": "841b2b0090588738366f684c8c202a78"
    },
    "Rcpp": {
      "Package": "Rcpp",
      "Version": "1.0.4.6",
      "Source": "CRAN",
      "RemoteType": "standard",
      "RemoteRef": "Rcpp",
      "RemoteRepos": "https://cran.rstudio.com",
      "RemoteSha": "1.0.4.6",
      "Hash": "953dd3c83f8812500b53d0d00f15469c"
    },
    "rematch2": {
      "Package": "rematch2",
      "Version": "2.1.1",
      "Source": "CRAN",
      "RemoteType": "standard",
      "RemoteRef": "rematch2",
      "RemoteRepos": "https://cran.rstudio.com",
      "RemoteSha": "2.1.1",
      "Hash": "1c09ddaafdbc24b03e78f75163a4d994"
    },
    "remotes": {
      "Package": "remotes",
      "Version": "2.1.1",
      "Source": "CRAN",
      "RemoteType": "standard",
      "RemoteRef": "remotes",
      "RemoteRepos": "https://cran.rstudio.com",
      "RemoteSha": "2.1.1",
      "Hash": "dd1c15777b9669ff86de0793f7e578d8"
    },
    "rex": {
      "Package": "rex",
      "Version": "1.2.0",
      "Source": "CRAN",
      "RemoteType": "standard",
      "RemoteRef": "rex",
      "RemoteRepos": "https://cran.rstudio.com",
      "RemoteSha": "1.2.0",
      "Hash": "8c7c8949c994eb7042bbd89ff88f8ad1"
    },
    "rlang": {
      "Package": "rlang",
      "Version": "0.4.5",
      "Source": "CRAN",
      "RemoteType": "standard",
      "RemoteRef": "rlang",
      "RemoteRepos": "https://cran.rstudio.com",
      "RemoteSha": "0.4.5",
      "Hash": "06c992bbca11c557891193289cb02d30"
    },
    "roxygen2": {
      "Package": "roxygen2",
      "Version": "7.1.0",
      "Source": "CRAN",
      "RemoteType": "standard",
      "RemoteRef": "roxygen2",
      "RemoteRepos": "https://cran.rstudio.com",
      "RemoteSha": "7.1.0",
      "Hash": "58f1d27105392db7e0b6e8d48dc2ac7e"
    },
    "rprojroot": {
      "Package": "rprojroot",
      "Version": "1.3-2",
      "Source": "CRAN",
      "RemoteType": "standard",
      "RemoteRef": "rprojroot",
      "RemoteRepos": "https://cran.rstudio.com",
      "RemoteSha": "1.3-2",
      "Hash": "aabecf1380683e49f6da7f3d7a3e69d2"
    },
    "rstudioapi": {
      "Package": "rstudioapi",
      "Version": "0.11",
      "Source": "CRAN",
      "RemoteType": "standard",
      "RemoteRef": "rstudioapi",
      "RemoteRepos": "https://cran.rstudio.com",
      "RemoteSha": "0.11",
      "Hash": "0d9551fe403c7a8fdaabe6d1982aeb3d"
    },
    "rversions": {
      "Package": "rversions",
      "Version": "2.0.1",
      "Source": "CRAN",
      "RemoteType": "standard",
      "RemoteRef": "rversions",
      "RemoteRepos": "https://cran.rstudio.com",
      "RemoteSha": "2.0.1",
      "Hash": "f9087396f10c8e70de2e36f25aaff816"
    },
    "rvest": {
      "Package": "rvest",
      "Version": "0.3.5",
      "Source": "CRAN",
      "RemoteType": "standard",
      "RemoteRef": "rvest",
      "RemoteRepos": "https://cran.rstudio.com",
      "RemoteSha": "0.3.5",
      "Hash": "d2fec753d468d89309996067fb89e09d"
    },
    "selectr": {
      "Package": "selectr",
      "Version": "0.4-2",
      "Source": "CRAN",
      "RemoteType": "standard",
      "RemoteRef": "selectr",
      "RemoteRepos": "https://cran.rstudio.com",
      "RemoteSha": "0.4-2",
      "Hash": "72a25e5b6829f6eaf89b16ad1a018051"
    },
    "sessioninfo": {
      "Package": "sessioninfo",
      "Version": "1.1.1",
      "Source": "CRAN",
      "RemoteType": "standard",
      "RemoteRef": "sessioninfo",
      "RemoteRepos": "https://cran.rstudio.com",
      "RemoteSha": "1.1.1",
      "Hash": "82d7aa1a739140d71a9355524738fe23"
    },
    "stringi": {
      "Package": "stringi",
      "Version": "1.4.6",
      "Source": "CRAN",
      "RemoteType": "standard",
      "RemoteRef": "stringi",
      "RemoteRepos": "https://cran.rstudio.com",
      "RemoteSha": "1.4.6",
      "Hash": "761c40fb0ae650c2c7bfe6cb1b22a844"
    },
    "stringr": {
      "Package": "stringr",
      "Version": "1.4.0",
      "Source": "CRAN",
      "RemoteType": "standard",
      "RemoteRef": "stringr",
      "RemoteRepos": "https://cran.rstudio.com",
      "RemoteSha": "1.4.0",
      "Hash": "41d6310ad18bd019a203d7adc496a28b"
    },
    "sys": {
      "Package": "sys",
      "Version": "3.3",
      "Source": "CRAN",
      "RemoteType": "standard",
      "RemoteRef": "sys",
      "RemoteRepos": "https://cran.rstudio.com",
      "RemoteSha": "3.3",
      "Hash": "abd9140ff1ce63bd3056dcbb95bc5bf8"
    },
    "testthat": {
      "Package": "testthat",
      "Version": "2.3.2",
      "Source": "CRAN",
      "RemoteType": "standard",
      "RemoteRef": "testthat",
      "RemoteRepos": "https://cran.rstudio.com",
      "RemoteSha": "2.3.2",
      "Hash": "ba91292dc6d4d91f24d6bde8ef12ed56"
    },
    "tibble": {
      "Package": "tibble",
      "Version": "3.0.1",
      "Source": "CRAN",
      "RemoteType": "standard",
      "RemoteRef": "tibble",
      "RemoteRepos": "https://cran.rstudio.com",
      "RemoteSha": "3.0.1",
      "Hash": "3414ff75d7708642d8c95ba2e1bfb81c"
    },
    "usethis": {
      "Package": "usethis",
      "Version": "1.6.0",
      "Source": "CRAN",
      "RemoteType": "standard",
      "RemoteRef": "usethis",
      "RemoteRepos": "https://cran.rstudio.com",
      "RemoteSha": "1.6.0",
      "Hash": "36e96e164c57d40457187bef97a8da78"
    },
    "utf8": {
      "Package": "utf8",
      "Version": "1.1.4",
      "Source": "CRAN",
      "RemoteType": "standard",
      "RemoteRef": "utf8",
      "RemoteRepos": "https://cran.rstudio.com",
      "RemoteSha": "1.1.4",
      "Hash": "3f1a5a5b184f63379f8e6c08d5036c53"
    },
    "vctrs": {
      "Package": "vctrs",
      "Version": "0.2.4",
      "Source": "CRAN",
      "RemoteType": "standard",
      "RemoteRef": "vctrs",
      "RemoteRepos": "https://cran.rstudio.com",
      "RemoteSha": "0.2.4",
      "Hash": "a3ffca2f264266489729da5bdf003ac8"
    },
    "whisker": {
      "Package": "whisker",
      "Version": "0.4",
      "Source": "CRAN",
      "RemoteType": "standard",
      "RemoteRef": "whisker",
      "RemoteRepos": "https://cran.rstudio.com",
      "RemoteSha": "0.4",
      "Hash": "99cb522b4fa9e2cf1592ac5163fd917f"
    },
    "withr": {
      "Package": "withr",
      "Version": "2.2.0",
      "Source": "CRAN",
      "RemoteType": "standard",
      "RemoteRef": "withr",
      "RemoteRepos": "https://cran.rstudio.com",
      "RemoteSha": "2.2.0",
      "Hash": "6cfbdf14e4e07a8060a3980551cc6e7b"
    },
    "xfun": {
      "Package": "xfun",
      "Version": "0.13",
      "Source": "CRAN",
      "RemoteType": "standard",
      "RemoteRef": "xfun",
      "RemoteRepos": "https://cran.rstudio.com",
      "RemoteSha": "0.13",
      "Hash": "051d359fc93a8aee8361060cfed47ff3"
    },
    "xml2": {
      "Package": "xml2",
      "Version": "1.3.2",
      "Source": "CRAN",
      "RemoteType": "standard",
      "RemoteRef": "xml2",
      "RemoteRepos": "https://cran.rstudio.com",
      "RemoteSha": "1.3.2",
      "Hash": "42a8d577426b9f34e7ef669047e9ccda"
    },
    "xopen": {
      "Package": "xopen",
      "Version": "1.0.0",
      "Source": "CRAN",
      "RemoteType": "standard",
      "RemoteRef": "xopen",
      "RemoteRepos": "https://cran.rstudio.com",
      "RemoteSha": "1.0.0",
      "Hash": "6b4a2cf13985b391a146dfd2d2701483"
    },
    "yaml": {
      "Package": "yaml",
      "Version": "2.2.1",
      "Source": "CRAN",
      "RemoteType": "standard",
      "RemoteRef": "yaml",
      "RemoteRepos": "https://cran.rstudio.com",
      "RemoteSha": "2.2.1",
      "Hash": "c9c9f45e15849bd83354f9c438816da4"
    }
  }
}
